github.com/javatour/runner v0.0.0-20210206133337-56a9ae8d8a9e h1:cu6VgcAHf7VMXQ5o5LuWIMaMw2vHU0nSG5ZE+yWXFiQ=
github.com/javatour/runner v0.0.0-20210206133337-56a9ae8d8a9e/go.mod h1:W3niWZ408gFkHDCVKycOFvZ83SoKxYErl6zunN9gv3Y=
github.com/javatour/runner v0.0.0-20210206133814-ee29f6ae7912 h1:AzoIwsiqHq5O2uBwZHxk0oIlNDl5+1FUybNptJ3+P6c=
github.com/javatour/runner v0.0.0-20210206133814-ee29f6ae7912/go.mod h1:W3niWZ408gFkHDCVKycOFvZ83SoKxYErl6zunN9gv3Y=
github.com/javatour/runner v0.0.0-20210206142436-01cf3e4c2a6f h1:dS1O5+AtD9pmziJVqoHlLlibxA7p03J6aEeD0t0B7f4=
github.com/javatour/runner v0.0.0-20210206142436-01cf3e4c2a6f/go.mod h1:W3niWZ408gFkHDCVKycOFvZ83SoKxYErl6zunN9gv3Y=
github.com/javatour/runner v0.0.0-20210206143808-8123b0a25005 h1:AQPPmGdxXvm6UXd7Rl1nSGBOwrO1chMIKw9mssQ3afs=
github.com/javatour/runner v0.0.0-20210206143808-8123b0a25005/go.mod h1:W3niWZ408gFkHDCVKycOFvZ83SoKxYErl6zunN9gv3Y=
github.com/javatour/runner v0.0.0-20210206150133-e9d365853ff1 h1:4wJ2MEDTX9SlIvuusAkpOP0ZpAUiHf6Y/tcrdncOdoE=
github.com/javatour/runner v0.0.0-20210206150133-e9d365853ff1/go.mod h1:W3niWZ408gFkHDCVKycOFvZ83SoKxYErl6zunN9gv3Y=
github.com/javatour/runner v0.0.0-20210206150654-77a9a7e3ee4e h1:kWdDdtHRG87nvWccAJ/o3sUT2w1mDhy8NfOo+tRxPp0=
github.com/javatour/runner v0.0.0-20210206150654-77a9a7e3ee4e/go.mod h1:W3niWZ408gFkHDCVKycOFvZ83SoKxYErl6zunN9gv3Y=
github.com/javatour/runner v0.0.0-20210206151052-ab234564735c h1:5IXY5UH3Qjekkqq+GL1daiD/B1ICVv0Jp8zXVv4WJNc=
github.com/javatour/runner v0.0.0-20210206151052-ab234564735c/go.mod h1:W3niWZ408gFkHDCVKycOFvZ83SoKxYErl6zunN9gv3Y=
github.com/javatour/runner v0.0.0-20210206151749-2027f11d0d26 h1:jFYmwtXQiodMakGsg/1ffeKiM53EVpzUB/RUPGBdhZs=
github.com/javatour/runner v0.0.0-20210206151749-2027f11d0d26/go.mod h1:W3niWZ408gFkHDCVKycOFvZ83SoKxYErl6zunN9gv3Y=
github.com/javatour/runner v0.0.0-20210206152255-d9cf63003bb0 h1:1a4ZnJnL0x2wLj5dWtUHogVoE7q/OqwuPuZsA7sG34c=
github.com/javatour/runner v0.0.0-20210206152255-d9cf63003bb0/go.mod h1:W3niWZ408gFkHDCVKycOFvZ83SoKxYErl6zunN9gv3Y=
github.com/javatour/runner v0.0.0-20210206160925-39ad6f1af00f h1:BMs4M5YdXQXf4YIoqrMNTVYOvj0PDk2PR3vGGMsfTXs=
github.com/javatour/runner v0.0.0-20210206160925-39ad6f1af00f/go.mod h1:W3niWZ408gFkHDCVKycOFvZ83SoKxYErl6zunN9gv3Y=
github.com/javatour/runner v0.0.0-20210206163806-7ff5026da8e5 h1:OyFkaBwvxcMROJBTdrkSuy6INc0qgUIUOfBTV8/mhtc=
github.com/javatour/runner v0.0.0-20210206163806-7ff5026da8e5/go.mod h1:W3niWZ408gFkHDCVKycOFvZ83SoKxYErl6zunN9gv3Y=
